
Microsoft Visual Studio Solution File, Format Version 12.00
# Visual Studio Version 16
VisualStudioVersion = 16.0.29905.134
MinimumVisualStudioVersion = 10.0.40219.1
Project("{9092AA53-FB77-4645-B42D-1CCCA6BD08BD}") = "Assignment2_Ads", "Assignment2_Ads\Assignment2_Ads.njsproj", "{B82DC0FC-59C8-45BE-B683-C29824AEFD06}"
EndProject
Global
	GlobalSection(SolutionConfigurationPlatforms) = preSolution
		Debug|Any CPU = Debug|Any CPU
		Release|Any CPU = Release|Any CPU
	EndGlobalSection
	GlobalSection(ProjectConfigurationPlatforms) = postSolution
		{B82DC0FC-59C8-45BE-B683-C29824AEFD06}.Debug|Any CPU.ActiveCfg = Debug|Any CPU
		{B82DC0FC-59C8-45BE-B683-C29824AEFD06}.Debug|Any CPU.Build.0 = Debug|Any CPU
		{B82DC0FC-59C8-45BE-B683-C29824AEFD06}.Release|Any CPU.ActiveCfg = Release|Any CPU
		{B82DC0FC-59C8-45BE-B683-C29824AEFD06}.Release|Any CPU.Build.0 = Release|Any CPU
	EndGlobalSection
	GlobalSection(SolutionProperties) = preSolution
		HideSolutionNode = FALSE
	EndGlobalSection
	GlobalSection(ExtensibilityGlobals) = postSolution
		SolutionGuid = {8B372006-ED93-4050-A5BB-D27D73333BE3}
	EndGlobalSection
EndGlobal
